
Microsoft Visual Studio Solution File, Format Version 12.00
# Visual Studio Version 17
VisualStudioVersion = 17.0.31903.59
MinimumVisualStudioVersion = 10.0.40219.1
Project("{2150E333-8FDC-42A3-9474-1A3956D46DE8}") = "src", "src", "{827E0CD3-B72D-47B6-A68D-7590B98EB39B}"
EndProject
Project("{FAE04EC0-301F-11D3-BF4B-00C04F79EFBC}") = "InspectAzureAI.Provider", "src\InspectAzureAI.Provider\InspectAzureAI.Provider.csproj", "{5C4C544A-D1B8-4384-80C7-747B4974BFB2}"
EndProject
Project("{FAE04EC0-301F-11D3-BF4B-00C04F79EFBC}") = "InspectAzureAI.Sample", "src\InspectAzureAI.Sample\InspectAzureAI.Sample.csproj", "{FACFB30A-CCAD-4D5D-B903-1B18D5E6496E}"
EndProject
Project("{2150E333-8FDC-42A3-9474-1A3956D46DE8}") = "tests", "tests", "{0AB3BF05-4346-4AA6-1389-037BE0695223}"
EndProject
Project("{FAE04EC0-301F-11D3-BF4B-00C04F79EFBC}") = "InspectAzureAI.Tests", "tests\InspectAzureAI.Tests\InspectAzureAI.Tests.csproj", "{6BD18ED7-9ECE-4511-A1AA-FBAB239DA9CA}"
EndProject
Project("{FAE04EC0-301F-11D3-BF4B-00C04F79EFBC}") = "InspectAzureAI.Eval", "src\InspectAzureAI.Eval\InspectAzureAI.Eval.csproj", "{710F4420-9954-4A00-8218-50DF549A95C0}"
EndProject
Project("{FAE04EC0-301F-11D3-BF4B-00C04F79EFBC}") = "InspectAzureAI.Swe", "src\InspectAzureAI.Swe\InspectAzureAI.Swe.csproj", "{B9B7DBB0-4918-4B75-902E-91E6D1439680}"
EndProject
Project("{FAE04EC0-301F-11D3-BF4B-00C04F79EFBC}") = "InspectAzureAI.SweShowcase", "src\InspectAzureAI.SweShowcase\InspectAzureAI.SweShowcase.csproj", "{089C8D44-9356-4086-A8E4-9B1C92F6E19E}"
EndProject
Project("{FAE04EC0-301F-11D3-BF4B-00C04F79EFBC}") = "InspectAzureAI.Eval.Tests", "tests\InspectAzureAI.Eval.Tests\InspectAzureAI.Eval.Tests.csproj", "{19109E6C-EB32-4A2F-97EE-0CB18BE0D402}"
EndProject
Project("{FAE04EC0-301F-11D3-BF4B-00C04F79EFBC}") = "InspectAzureAI.Swe.Tests", "tests\InspectAzureAI.Swe.Tests\InspectAzureAI.Swe.Tests.csproj", "{21AB2973-DAA4-4553-9112-7FBC9F5E7DB4}"
EndProject
Project("{FAE04EC0-301F-11D3-BF4B-00C04F79EFBC}") = "InspectAzureAI.ModelMatrix", "src\InspectAzureAI.ModelMatrix\InspectAzureAI.ModelMatrix.csproj", "{C310FEA1-C6C0-493B-9F32-776F3A6594A4}"
EndProject
Project("{FAE04EC0-301F-11D3-BF4B-00C04F79EFBC}") = "InspectAzureAI.ModelMatrix.Tests", "tests\InspectAzureAI.ModelMatrix.Tests\InspectAzureAI.ModelMatrix.Tests.csproj", "{74CF6FF6-8B0E-42A1-8864-6C2A1A974A1E}"
EndProject
Project("{FAE04EC0-301F-11D3-BF4B-00C04F79EFBC}") = "InspectAzureAI.Cli", "src\InspectAzureAI.Cli\InspectAzureAI.Cli.csproj", "{C1E1C6D6-CC8F-42EF-B648-542F21833E91}"
EndProject
Project("{FAE04EC0-301F-11D3-BF4B-00C04F79EFBC}") = "InspectAzureAI.Cli.Tests", "tests\InspectAzureAI.Cli.Tests\InspectAzureAI.Cli.Tests.csproj", "{20A95D32-809E-4455-9B4E-48B808B69B86}"
EndProject
Project("{FAE04EC0-301F-11D3-BF4B-00C04F79EFBC}") = "InspectAzureAI.Sample.Tests", "tests\InspectAzureAI.Sample.Tests\InspectAzureAI.Sample.Tests.csproj", "{DD807FB1-DF2B-4DC0-A5CC-396CFB79A61C}"
EndProject
Project("{FAE04EC0-301F-11D3-BF4B-00C04F79EFBC}") = "InspectAzureAI.CtfSample", "src\InspectAzureAI.CtfSample\InspectAzureAI.CtfSample.csproj", "{1EB621CA-FCB4-452A-B899-968FBE083DD0}"
EndProject
Global
	GlobalSection(SolutionConfigurationPlatforms) = preSolution
		Debug|Any CPU = Debug|Any CPU
		Debug|x64 = Debug|x64
		Debug|x86 = Debug|x86
		Release|Any CPU = Release|Any CPU
		Release|x64 = Release|x64
		Release|x86 = Release|x86
	EndGlobalSection
	GlobalSection(ProjectConfigurationPlatforms) = postSolution
		{5C4C544A-D1B8-4384-80C7-747B4974BFB2}.Debug|Any CPU.ActiveCfg = Debug|Any CPU
		{5C4C544A-D1B8-4384-80C7-747B4974BFB2}.Debug|Any CPU.Build.0 = Debug|Any CPU
		{5C4C544A-D1B8-4384-80C7-747B4974BFB2}.Debug|x64.ActiveCfg = Debug|Any CPU
		{5C4C544A-D1B8-4384-80C7-747B4974BFB2}.Debug|x64.Build.0 = Debug|Any CPU
		{5C4C544A-D1B8-4384-80C7-747B4974BFB2}.Debug|x86.ActiveCfg = Debug|Any CPU
		{5C4C544A-D1B8-4384-80C7-747B4974BFB2}.Debug|x86.Build.0 = Debug|Any CPU
		{5C4C544A-D1B8-4384-80C7-747B4974BFB2}.Release|Any CPU.ActiveCfg = Release|Any CPU
		{5C4C544A-D1B8-4384-80C7-747B4974BFB2}.Release|Any CPU.Build.0 = Release|Any CPU
		{5C4C544A-D1B8-4384-80C7-747B4974BFB2}.Release|x64.ActiveCfg = Release|Any CPU
		{5C4C544A-D1B8-4384-80C7-747B4974BFB2}.Release|x64.Build.0 = Release|Any CPU
		{5C4C544A-D1B8-4384-80C7-747B4974BFB2}.Release|x86.ActiveCfg = Release|Any CPU
		{5C4C544A-D1B8-4384-80C7-747B4974BFB2}.Release|x86.Build.0 = Release|Any CPU
		{FACFB30A-CCAD-4D5D-B903-1B18D5E6496E}.Debug|Any CPU.ActiveCfg = Debug|Any CPU
		{FACFB30A-CCAD-4D5D-B903-1B18D5E6496E}.Debug|Any CPU.Build.0 = Debug|Any CPU
		{FACFB30A-CCAD-4D5D-B903-1B18D5E6496E}.Debug|x64.ActiveCfg = Debug|Any CPU
		{FACFB30A-CCAD-4D5D-B903-1B18D5E6496E}.Debug|x64.Build.0 = Debug|Any CPU
		{FACFB30A-CCAD-4D5D-B903-1B18D5E6496E}.Debug|x86.ActiveCfg = Debug|Any CPU
		{FACFB30A-CCAD-4D5D-B903-1B18D5E6496E}.Debug|x86.Build.0 = Debug|Any CPU
		{FACFB30A-CCAD-4D5D-B903-1B18D5E6496E}.Release|Any CPU.ActiveCfg = Release|Any CPU
		{FACFB30A-CCAD-4D5D-B903-1B18D5E6496E}.Release|Any CPU.Build.0 = Release|Any CPU
		{FACFB30A-CCAD-4D5D-B903-1B18D5E6496E}.Release|x64.ActiveCfg = Release|Any CPU
		{FACFB30A-CCAD-4D5D-B903-1B18D5E6496E}.Release|x64.Build.0 = Release|Any CPU
		{FACFB30A-CCAD-4D5D-B903-1B18D5E6496E}.Release|x86.ActiveCfg = Release|Any CPU
		{FACFB30A-CCAD-4D5D-B903-1B18D5E6496E}.Release|x86.Build.0 = Release|Any CPU
		{6BD18ED7-9ECE-4511-A1AA-FBAB239DA9CA}.Debug|Any CPU.ActiveCfg = Debug|Any CPU
		{6BD18ED7-9ECE-4511-A1AA-FBAB239DA9CA}.Debug|Any CPU.Build.0 = Debug|Any CPU
		{6BD18ED7-9ECE-4511-A1AA-FBAB239DA9CA}.Debug|x64.ActiveCfg = Debug|Any CPU
		{6BD18ED7-9ECE-4511-A1AA-FBAB239DA9CA}.Debug|x64.Build.0 = Debug|Any CPU
		{6BD18ED7-9ECE-4511-A1AA-FBAB239DA9CA}.Debug|x86.ActiveCfg = Debug|Any CPU
		{6BD18ED7-9ECE-4511-A1AA-FBAB239DA9CA}.Debug|x86.Build.0 = Debug|Any CPU
		{6BD18ED7-9ECE-4511-A1AA-FBAB239DA9CA}.Release|Any CPU.ActiveCfg = Release|Any CPU
		{6BD18ED7-9ECE-4511-A1AA-FBAB239DA9CA}.Release|Any CPU.Build.0 = Release|Any CPU
		{6BD18ED7-9ECE-4511-A1AA-FBAB239DA9CA}.Release|x64.ActiveCfg = Release|Any CPU
		{6BD18ED7-9ECE-4511-A1AA-FBAB239DA9CA}.Release|x64.Build.0 = Release|Any CPU
		{6BD18ED7-9ECE-4511-A1AA-FBAB239DA9CA}.Release|x86.ActiveCfg = Release|Any CPU
		{6BD18ED7-9ECE-4511-A1AA-FBAB239DA9CA}.Release|x86.Build.0 = Release|Any CPU
		{710F4420-9954-4A00-8218-50DF549A95C0}.Debug|Any CPU.ActiveCfg = Debug|Any CPU
		{710F4420-9954-4A00-8218-50DF549A95C0}.Debug|Any CPU.Build.0 = Debug|Any CPU
		{710F4420-9954-4A00-8218-50DF549A95C0}.Debug|x64.ActiveCfg = Debug|Any CPU
		{710F4420-9954-4A00-8218-50DF549A95C0}.Debug|x64.Build.0 = Debug|Any CPU
		{710F4420-9954-4A00-8218-50DF549A95C0}.Debug|x86.ActiveCfg = Debug|Any CPU
		{710F4420-9954-4A00-8218-50DF549A95C0}.Debug|x86.Build.0 = Debug|Any CPU
		{710F4420-9954-4A00-8218-50DF549A95C0}.Release|Any CPU.ActiveCfg = Release|Any CPU
		{710F4420-9954-4A00-8218-50DF549A95C0}.Release|Any CPU.Build.0 = Release|Any CPU
		{710F4420-9954-4A00-8218-50DF549A95C0}.Release|x64.ActiveCfg = Release|Any CPU
		{710F4420-9954-4A00-8218-50DF549A95C0}.Release|x64.Build.0 = Release|Any CPU
		{710F4420-9954-4A00-8218-50DF549A95C0}.Release|x86.ActiveCfg = Release|Any CPU
		{710F4420-9954-4A00-8218-50DF549A95C0}.Release|x86.Build.0 = Release|Any CPU
		{B9B7DBB0-4918-4B75-902E-91E6D1439680}.Debug|Any CPU.ActiveCfg = Debug|Any CPU
		{B9B7DBB0-4918-4B75-902E-91E6D1439680}.Debug|Any CPU.Build.0 = Debug|Any CPU
		{B9B7DBB0-4918-4B75-902E-91E6D1439680}.Debug|x64.ActiveCfg = Debug|Any CPU
		{B9B7DBB0-4918-4B75-902E-91E6D1439680}.Debug|x64.Build.0 = Debug|Any CPU
		{B9B7DBB0-4918-4B75-902E-91E6D1439680}.Debug|x86.ActiveCfg = Debug|Any CPU
		{B9B7DBB0-4918-4B75-902E-91E6D1439680}.Debug|x86.Build.0 = Debug|Any CPU
		{B9B7DBB0-4918-4B75-902E-91E6D1439680}.Release|Any CPU.ActiveCfg = Release|Any CPU
		{B9B7DBB0-4918-4B75-902E-91E6D1439680}.Release|Any CPU.Build.0 = Release|Any CPU
		{B9B7DBB0-4918-4B75-902E-91E6D1439680}.Release|x64.ActiveCfg = Release|Any CPU
		{B9B7DBB0-4918-4B75-902E-91E6D1439680}.Release|x64.Build.0 = Release|Any CPU
		{B9B7DBB0-4918-4B75-902E-91E6D1439680}.Release|x86.ActiveCfg = Release|Any CPU
		{B9B7DBB0-4918-4B75-902E-91E6D1439680}.Release|x86.Build.0 = Release|Any CPU
		{089C8D44-9356-4086-A8E4-9B1C92F6E19E}.Debug|Any CPU.ActiveCfg = Debug|Any CPU
		{089C8D44-9356-4086-A8E4-9B1C92F6E19E}.Debug|Any CPU.Build.0 = Debug|Any CPU
		{089C8D44-9356-4086-A8E4-9B1C92F6E19E}.Debug|x64.ActiveCfg = Debug|Any CPU
		{089C8D44-9356-4086-A8E4-9B1C92F6E19E}.Debug|x64.Build.0 = Debug|Any CPU
		{089C8D44-9356-4086-A8E4-9B1C92F6E19E}.Debug|x86.ActiveCfg = Debug|Any CPU
		{089C8D44-9356-4086-A8E4-9B1C92F6E19E}.Debug|x86.Build.0 = Debug|Any CPU
		{089C8D44-9356-4086-A8E4-9B1C92F6E19E}.Release|Any CPU.ActiveCfg = Release|Any CPU
		{089C8D44-9356-4086-A8E4-9B1C92F6E19E}.Release|Any CPU.Build.0 = Release|Any CPU
		{089C8D44-9356-4086-A8E4-9B1C92F6E19E}.Release|x64.ActiveCfg = Release|Any CPU
		{089C8D44-9356-4086-A8E4-9B1C92F6E19E}.Release|x64.Build.0 = Release|Any CPU
		{089C8D44-9356-4086-A8E4-9B1C92F6E19E}.Release|x86.ActiveCfg = Release|Any CPU
		{089C8D44-9356-4086-A8E4-9B1C92F6E19E}.Release|x86.Build.0 = Release|Any CPU
		{19109E6C-EB32-4A2F-97EE-0CB18BE0D402}.Debug|Any CPU.ActiveCfg = Debug|Any CPU
		{19109E6C-EB32-4A2F-97EE-0CB18BE0D402}.Debug|Any CPU.Build.0 = Debug|Any CPU
		{19109E6C-EB32-4A2F-97EE-0CB18BE0D402}.Debug|x64.ActiveCfg = Debug|Any CPU
		{19109E6C-EB32-4A2F-97EE-0CB18BE0D402}.Debug|x64.Build.0 = Debug|Any CPU
		{19109E6C-EB32-4A2F-97EE-0CB18BE0D402}.Debug|x86.ActiveCfg = Debug|Any CPU
		{19109E6C-EB32-4A2F-97EE-0CB18BE0D402}.Debug|x86.Build.0 = Debug|Any CPU
		{19109E6C-EB32-4A2F-97EE-0CB18BE0D402}.Release|Any CPU.ActiveCfg = Release|Any CPU
		{19109E6C-EB32-4A2F-97EE-0CB18BE0D402}.Release|Any CPU.Build.0 = Release|Any CPU
		{19109E6C-EB32-4A2F-97EE-0CB18BE0D402}.Release|x64.ActiveCfg = Release|Any CPU
		{19109E6C-EB32-4A2F-97EE-0CB18BE0D402}.Release|x64.Build.0 = Release|Any CPU
		{19109E6C-EB32-4A2F-97EE-0CB18BE0D402}.Release|x86.ActiveCfg = Release|Any CPU
		{19109E6C-EB32-4A2F-97EE-0CB18BE0D402}.Release|x86.Build.0 = Release|Any CPU
		{21AB2973-DAA4-4553-9112-7FBC9F5E7DB4}.Debug|Any CPU.ActiveCfg = Debug|Any CPU
		{21AB2973-DAA4-4553-9112-7FBC9F5E7DB4}.Debug|Any CPU.Build.0 = Debug|Any CPU
		{21AB2973-DAA4-4553-9112-7FBC9F5E7DB4}.Debug|x64.ActiveCfg = Debug|Any CPU
		{21AB2973-DAA4-4553-9112-7FBC9F5E7DB4}.Debug|x64.Build.0 = Debug|Any CPU
		{21AB2973-DAA4-4553-9112-7FBC9F5E7DB4}.Debug|x86.ActiveCfg = Debug|Any CPU
		{21AB2973-DAA4-4553-9112-7FBC9F5E7DB4}.Debug|x86.Build.0 = Debug|Any CPU
		{21AB2973-DAA4-4553-9112-7FBC9F5E7DB4}.Release|Any CPU.ActiveCfg = Release|Any CPU
		{21AB2973-DAA4-4553-9112-7FBC9F5E7DB4}.Release|Any CPU.Build.0 = Release|Any CPU
		{21AB2973-DAA4-4553-9112-7FBC9F5E7DB4}.Release|x64.ActiveCfg = Release|Any CPU
		{21AB2973-DAA4-4553-9112-7FBC9F5E7DB4}.Release|x64.Build.0 = Release|Any CPU
		{21AB2973-DAA4-4553-9112-7FBC9F5E7DB4}.Release|x86.ActiveCfg = Release|Any CPU
		{21AB2973-DAA4-4553-9112-7FBC9F5E7DB4}.Release|x86.Build.0 = Release|Any CPU
		{C310FEA1-C6C0-493B-9F32-776F3A6594A4}.Debug|Any CPU.ActiveCfg = Debug|Any CPU
		{C310FEA1-C6C0-493B-9F32-776F3A6594A4}.Debug|Any CPU.Build.0 = Debug|Any CPU
		{C310FEA1-C6C0-493B-9F32-776F3A6594A4}.Debug|x64.ActiveCfg = Debug|Any CPU
		{C310FEA1-C6C0-493B-9F32-776F3A6594A4}.Debug|x64.Build.0 = Debug|Any CPU
		{C310FEA1-C6C0-493B-9F32-776F3A6594A4}.Debug|x86.ActiveCfg = Debug|Any CPU
		{C310FEA1-C6C0-493B-9F32-776F3A6594A4}.Debug|x86.Build.0 = Debug|Any CPU
		{C310FEA1-C6C0-493B-9F32-776F3A6594A4}.Release|Any CPU.ActiveCfg = Release|Any CPU
		{C310FEA1-C6C0-493B-9F32-776F3A6594A4}.Release|Any CPU.Build.0 = Release|Any CPU
		{C310FEA1-C6C0-493B-9F32-776F3A6594A4}.Release|x64.ActiveCfg = Release|Any CPU
		{C310FEA1-C6C0-493B-9F32-776F3A6594A4}.Release|x64.Build.0 = Release|Any CPU
		{C310FEA1-C6C0-493B-9F32-776F3A6594A4}.Release|x86.ActiveCfg = Release|Any CPU
		{C310FEA1-C6C0-493B-9F32-776F3A6594A4}.Release|x86.Build.0 = Release|Any CPU
		{74CF6FF6-8B0E-42A1-8864-6C2A1A974A1E}.Debug|Any CPU.ActiveCfg = Debug|Any CPU
		{74CF6FF6-8B0E-42A1-8864-6C2A1A974A1E}.Debug|Any CPU.Build.0 = Debug|Any CPU
		{74CF6FF6-8B0E-42A1-8864-6C2A1A974A1E}.Debug|x64.ActiveCfg = Debug|Any CPU
		{74CF6FF6-8B0E-42A1-8864-6C2A1A974A1E}.Debug|x64.Build.0 = Debug|Any CPU
		{74CF6FF6-8B0E-42A1-8864-6C2A1A974A1E}.Debug|x86.ActiveCfg = Debug|Any CPU
		{74CF6FF6-8B0E-42A1-8864-6C2A1A974A1E}.Debug|x86.Build.0 = Debug|Any CPU
		{74CF6FF6-8B0E-42A1-8864-6C2A1A974A1E}.Release|Any CPU.ActiveCfg = Release|Any CPU
		{74CF6FF6-8B0E-42A1-8864-6C2A1A974A1E}.Release|Any CPU.Build.0 = Release|Any CPU
		{74CF6FF6-8B0E-42A1-8864-6C2A1A974A1E}.Release|x64.ActiveCfg = Release|Any CPU
		{74CF6FF6-8B0E-42A1-8864-6C2A1A974A1E}.Release|x64.Build.0 = Release|Any CPU
		{74CF6FF6-8B0E-42A1-8864-6C2A1A974A1E}.Release|x86.ActiveCfg = Release|Any CPU
		{74CF6FF6-8B0E-42A1-8864-6C2A1A974A1E}.Release|x86.Build.0 = Release|Any CPU
		{C1E1C6D6-CC8F-42EF-B648-542F21833E91}.Debug|Any CPU.ActiveCfg = Debug|Any CPU
		{C1E1C6D6-CC8F-42EF-B648-542F21833E91}.Debug|Any CPU.Build.0 = Debug|Any CPU
		{C1E1C6D6-CC8F-42EF-B648-542F21833E91}.Debug|x64.ActiveCfg = Debug|Any CPU
		{C1E1C6D6-CC8F-42EF-B648-542F21833E91}.Debug|x64.Build.0 = Debug|Any CPU
		{C1E1C6D6-CC8F-42EF-B648-542F21833E91}.Debug|x86.ActiveCfg = Debug|Any CPU
		{C1E1C6D6-CC8F-42EF-B648-542F21833E91}.Debug|x86.Build.0 = Debug|Any CPU
		{C1E1C6D6-CC8F-42EF-B648-542F21833E91}.Release|Any CPU.ActiveCfg = Release|Any CPU
		{C1E1C6D6-CC8F-42EF-B648-542F21833E91}.Release|Any CPU.Build.0 = Release|Any CPU
		{C1E1C6D6-CC8F-42EF-B648-542F21833E91}.Release|x64.ActiveCfg = Release|Any CPU
		{C1E1C6D6-CC8F-42EF-B648-542F21833E91}.Release|x64.Build.0 = Release|Any CPU
		{C1E1C6D6-CC8F-42EF-B648-542F21833E91}.Release|x86.ActiveCfg = Release|Any CPU
		{C1E1C6D6-CC8F-42EF-B648-542F21833E91}.Release|x86.Build.0 = Release|Any CPU
		{20A95D32-809E-4455-9B4E-48B808B69B86}.Debug|Any CPU.ActiveCfg = Debug|Any CPU
		{20A95D32-809E-4455-9B4E-48B808B69B86}.Debug|Any CPU.Build.0 = Debug|Any CPU
		{20A95D32-809E-4455-9B4E-48B808B69B86}.Debug|x64.ActiveCfg = Debug|Any CPU
		{20A95D32-809E-4455-9B4E-48B808B69B86}.Debug|x64.Build.0 = Debug|Any CPU
		{20A95D32-809E-4455-9B4E-48B808B69B86}.Debug|x86.ActiveCfg = Debug|Any CPU
		{20A95D32-809E-4455-9B4E-48B808B69B86}.Debug|x86.Build.0 = Debug|Any CPU
		{20A95D32-809E-4455-9B4E-48B808B69B86}.Release|Any CPU.ActiveCfg = Release|Any CPU
		{20A95D32-809E-4455-9B4E-48B808B69B86}.Release|Any CPU.Build.0 = Release|Any CPU
		{20A95D32-809E-4455-9B4E-48B808B69B86}.Release|x64.ActiveCfg = Release|Any CPU
		{20A95D32-809E-4455-9B4E-48B808B69B86}.Release|x64.Build.0 = Release|Any CPU
		{20A95D32-809E-4455-9B4E-48B808B69B86}.Release|x86.ActiveCfg = Release|Any CPU
		{20A95D32-809E-4455-9B4E-48B808B69B86}.Release|x86.Build.0 = Release|Any CPU
		{DD807FB1-DF2B-4DC0-A5CC-396CFB79A61C}.Debug|Any CPU.ActiveCfg = Debug|Any CPU
		{DD807FB1-DF2B-4DC0-A5CC-396CFB79A61C}.Debug|Any CPU.Build.0 = Debug|Any CPU
		{DD807FB1-DF2B-4DC0-A5CC-396CFB79A61C}.Debug|x64.ActiveCfg = Debug|Any CPU
		{DD807FB1-DF2B-4DC0-A5CC-396CFB79A61C}.Debug|x64.Build.0 = Debug|Any CPU
		{DD807FB1-DF2B-4DC0-A5CC-396CFB79A61C}.Debug|x86.ActiveCfg = Debug|Any CPU
		{DD807FB1-DF2B-4DC0-A5CC-396CFB79A61C}.Debug|x86.Build.0 = Debug|Any CPU
		{DD807FB1-DF2B-4DC0-A5CC-396CFB79A61C}.Release|Any CPU.ActiveCfg = Release|Any CPU
		{DD807FB1-DF2B-4DC0-A5CC-396CFB79A61C}.Release|Any CPU.Build.0 = Release|Any CPU
		{DD807FB1-DF2B-4DC0-A5CC-396CFB79A61C}.Release|x64.ActiveCfg = Release|Any CPU
		{DD807FB1-DF2B-4DC0-A5CC-396CFB79A61C}.Release|x64.Build.0 = Release|Any CPU
		{DD807FB1-DF2B-4DC0-A5CC-396CFB79A61C}.Release|x86.ActiveCfg = Release|Any CPU
		{DD807FB1-DF2B-4DC0-A5CC-396CFB79A61C}.Release|x86.Build.0 = Release|Any CPU
		{1EB621CA-FCB4-452A-B899-968FBE083DD0}.Debug|Any CPU.ActiveCfg = Debug|Any CPU
		{1EB621CA-FCB4-452A-B899-968FBE083DD0}.Debug|Any CPU.Build.0 = Debug|Any CPU
		{1EB621CA-FCB4-452A-B899-968FBE083DD0}.Debug|x64.ActiveCfg = Debug|Any CPU
		{1EB621CA-FCB4-452A-B899-968FBE083DD0}.Debug|x64.Build.0 = Debug|Any CPU
		{1EB621CA-FCB4-452A-B899-968FBE083DD0}.Debug|x86.ActiveCfg = Debug|Any CPU
		{1EB621CA-FCB4-452A-B899-968FBE083DD0}.Debug|x86.Build.0 = Debug|Any CPU
		{1EB621CA-FCB4-452A-B899-968FBE083DD0}.Release|Any CPU.ActiveCfg = Release|Any CPU
		{1EB621CA-FCB4-452A-B899-968FBE083DD0}.Release|Any CPU.Build.0 = Release|Any CPU
		{1EB621CA-FCB4-452A-B899-968FBE083DD0}.Release|x64.ActiveCfg = Release|Any CPU
		{1EB621CA-FCB4-452A-B899-968FBE083DD0}.Release|x64.Build.0 = Release|Any CPU
		{1EB621CA-FCB4-452A-B899-968FBE083DD0}.Release|x86.ActiveCfg = Release|Any CPU
		{1EB621CA-FCB4-452A-B899-968FBE083DD0}.Release|x86.Build.0 = Release|Any CPU
	EndGlobalSection
	GlobalSection(SolutionProperties) = preSolution
		HideSolutionNode = FALSE
	EndGlobalSection
	GlobalSection(NestedProjects) = preSolution
		{5C4C544A-D1B8-4384-80C7-747B4974BFB2} = {827E0CD3-B72D-47B6-A68D-7590B98EB39B}
		{FACFB30A-CCAD-4D5D-B903-1B18D5E6496E} = {827E0CD3-B72D-47B6-A68D-7590B98EB39B}
		{6BD18ED7-9ECE-4511-A1AA-FBAB239DA9CA} = {0AB3BF05-4346-4AA6-1389-037BE0695223}
		{710F4420-9954-4A00-8218-50DF549A95C0} = {827E0CD3-B72D-47B6-A68D-7590B98EB39B}
		{B9B7DBB0-4918-4B75-902E-91E6D1439680} = {827E0CD3-B72D-47B6-A68D-7590B98EB39B}
		{089C8D44-9356-4086-A8E4-9B1C92F6E19E} = {827E0CD3-B72D-47B6-A68D-7590B98EB39B}
		{19109E6C-EB32-4A2F-97EE-0CB18BE0D402} = {0AB3BF05-4346-4AA6-1389-037BE0695223}
		{21AB2973-DAA4-4553-9112-7FBC9F5E7DB4} = {0AB3BF05-4346-4AA6-1389-037BE0695223}
		{C310FEA1-C6C0-493B-9F32-776F3A6594A4} = {827E0CD3-B72D-47B6-A68D-7590B98EB39B}
		{74CF6FF6-8B0E-42A1-8864-6C2A1A974A1E} = {0AB3BF05-4346-4AA6-1389-037BE0695223}
		{C1E1C6D6-CC8F-42EF-B648-542F21833E91} = {827E0CD3-B72D-47B6-A68D-7590B98EB39B}
		{20A95D32-809E-4455-9B4E-48B808B69B86} = {0AB3BF05-4346-4AA6-1389-037BE0695223}
		{DD807FB1-DF2B-4DC0-A5CC-396CFB79A61C} = {0AB3BF05-4346-4AA6-1389-037BE0695223}
		{1EB621CA-FCB4-452A-B899-968FBE083DD0} = {827E0CD3-B72D-47B6-A68D-7590B98EB39B}
	EndGlobalSection
EndGlobal
